<?xml version="1.0" encoding="UTF-8"?>
<Project ToolsVersion="14.0" xmlns="http://schemas.microsoft.com/developer/msbuild/2003">
  <ItemGroup>
    <ClCompile Include="C:\hyper3DGE\tools\updaterevision\updaterevision.c">
      <Filter>Source Files</Filter>
    </ClCompile>
  </ItemGroup>
  <ItemGroup>
    <CustomBuild Include="C:\hyper3DGE\tools\updaterevision\CMakeLists.txt" />
  </ItemGroup>
  <ItemGroup>
    <Filter Include="Source Files">
      <UniqueIdentifier>{E077ED9C-B125-34A3-84F9-DA2BF012FA2F}</UniqueIdentifier>
    </Filter>
  </ItemGroup>
</Project>
