// !$*UTF8*$!
{
	archiveVersion = 1;
	classes = {
	};
	objectVersion = 38;
	objects = {
		034768DDFF38A45A11DB9C8B = {
			children = (
				034768DEFF38A45A11DB9C8B,
			);
			isa = PBXGroup;
			name = Products;
			refType = 4;
		};
		034768DEFF38A45A11DB9C8B = {
			isa = PBXFrameworkReference;
			path = HawkNL.framework;
			refType = 3;
		};
//030
//031
//032
//033
//034
//080
//081
//082
//083
//084
		0867D690FE84028FC02AAC07 = {
			buildStyles = (
				4F0BB7EC011F40E904CA0E50,
				4F0BB7ED011F40E904CA0E50,
			);
			isa = PBXProject;
			mainGroup = 0867D691FE84028FC02AAC07;
			productRefGroup = 034768DDFF38A45A11DB9C8B;
			projectDirPath = "";
			targets = (
				0867D69CFE84028FC02AAC07,
			);
		};
		0867D691FE84028FC02AAC07 = {
			children = (
				F554C4A4021DCFC901A80101,
				F5A3E15402A93C3B01AD4D1F,
				089C1665FE841158C02AAC07,
				0867D69AFE84028FC02AAC07,
				034768DDFF38A45A11DB9C8B,
			);
			isa = PBXGroup;
			name = HawkNL;
			refType = 4;
		};
		0867D69AFE84028FC02AAC07 = {
			children = (
			);
			isa = PBXGroup;
			name = "External Frameworks and Libraries";
			refType = 4;
		};
		0867D69CFE84028FC02AAC07 = {
			buildPhases = (
				0867D69DFE84028FC02AAC07,
				0867D69EFE84028FC02AAC07,
				0867D69FFE84028FC02AAC07,
				0867D6A0FE84028FC02AAC07,
				0867D6A2FE84028FC02AAC07,
				F554C4A7021DD00C01A80101,
			);
			buildSettings = {
				DYLIB_COMPATIBILITY_VERSION = 1;
				DYLIB_CURRENT_VERSION = 1;
				FRAMEWORK_SEARCH_PATHS = "";
				FRAMEWORK_VERSION = A;
				HEADER_SEARCH_PATHS = "";
				INSTALL_PATH = "$(HOME)/Library/Frameworks";
				LIBRARY_SEARCH_PATHS = "";
				OPTIMIZATION_CFLAGS = "-funroll-all-loops -ffast-math -fomit-frame-pointer -O2 ";
				OTHER_CFLAGS = "-DMACOSX -D_REENTRANT";
				OTHER_LDFLAGS = "-seg1addr 0x40000000";
				PRODUCT_NAME = HawkNL;
				SECTORDER_FLAGS = "";
				WARNING_CFLAGS = "-Wmost -Wno-four-char-constants -Wno-unknown-pragmas";
				WRAPPER_EXTENSION = framework;
			};
			dependencies = (
			);
			isa = PBXFrameworkTarget;
			name = HawkNL;
			productInstallPath = "$(HOME)/Library/Frameworks";
			productName = HawkNL;
			productReference = 034768DEFF38A45A11DB9C8B;
			productSettingsXML = "<?xml version=\"1.0\" encoding=\"UTF-8\"?>
<!DOCTYPE plist SYSTEM \"file://localhost/System/Library/DTDs/PropertyList.dtd\">
<plist version=\"0.9\">
<dict>
	<key>CFBundleDevelopmentRegion</key>
	<string>English</string>
	<key>CFBundleExecutable</key>
	<string>HawkNL</string>
	<key>CFBundleIconFile</key>
	<string></string>
	<key>CFBundleIdentifier</key>
	<string></string>
	<key>CFBundleInfoDictionaryVersion</key>
	<string>6.0</string>
	<key>CFBundlePackageType</key>
	<string>FMWK</string>
	<key>CFBundleShortVersionString</key>
	<string>1.6b1</string>
	<key>CFBundleSignature</key>
	<string>????</string>
	<key>CFBundleVersion</key>
	<string>1.6b1</string>
	<key>CSResourcesFileMapped</key>
	<true/>
</dict>
</plist>
";
			shouldUseHeadermap = 1;
		};
		0867D69DFE84028FC02AAC07 = {
			buildActionMask = 2147483647;
			files = (
				F554C4A6021DCFC901A80101,
				F5A3E18202A93C3B01AD4D1F,
				F5A3E18A02A93C3B01AD4D1F,
				F5A3E18C02A93C3B01AD4D1F,
				F5A3E19002A93C3B01AD4D1F,
			);
			isa = PBXHeadersBuildPhase;
		};
		0867D69EFE84028FC02AAC07 = {
			buildActionMask = 2147483647;
			files = (
				089C1668FE841158C02AAC07,
			);
			isa = PBXResourcesBuildPhase;
		};
		0867D69FFE84028FC02AAC07 = {
			buildActionMask = 2147483647;
			files = (
				F5A3E17702A93C3B01AD4D1F,
				F5A3E17802A93C3B01AD4D1F,
				F5A3E17902A93C3B01AD4D1F,
				F5A3E17A02A93C3B01AD4D1F,
				F5A3E17B02A93C3B01AD4D1F,
				F5A3E18102A93C3B01AD4D1F,
				F5A3E18702A93C3B01AD4D1F,
				F5A3E18802A93C3B01AD4D1F,
				F5A3E18B02A93C3B01AD4D1F,
				F5A3E18F02A93C3B01AD4D1F,
				F5A3E19102A93C3B01AD4D1F,
			);
			isa = PBXSourcesBuildPhase;
		};
		0867D6A0FE84028FC02AAC07 = {
			buildActionMask = 2147483647;
			files = (
			);
			isa = PBXFrameworksBuildPhase;
		};
		0867D6A2FE84028FC02AAC07 = {
			buildActionMask = 2147483647;
			files = (
			);
			isa = PBXRezBuildPhase;
		};
		089C1665FE841158C02AAC07 = {
			children = (
				089C1666FE841158C02AAC07,
			);
			isa = PBXGroup;
			name = Resources;
			refType = 4;
		};
		089C1666FE841158C02AAC07 = {
			children = (
				089C1667FE841158C02AAC07,
			);
			isa = PBXVariantGroup;
			name = InfoPlist.strings;
			refType = 4;
		};
		089C1667FE841158C02AAC07 = {
			fileEncoding = 10;
			isa = PBXFileReference;
			name = English;
			path = English.lproj/InfoPlist.strings;
			refType = 4;
		};
		089C1668FE841158C02AAC07 = {
			fileRef = 089C1666FE841158C02AAC07;
			isa = PBXBuildFile;
			settings = {
			};
		};
//080
//081
//082
//083
//084
//4F0
//4F1
//4F2
//4F3
//4F4
		4F0BB7EC011F40E904CA0E50 = {
			buildRules = (
			);
			buildSettings = {
				COPY_PHASE_STRIP = NO;
				OPTIMIZATION_CFLAGS = "-O0";
			};
			isa = PBXBuildStyle;
			name = Development;
		};
		4F0BB7ED011F40E904CA0E50 = {
			buildRules = (
			);
			buildSettings = {
				COPY_PHASE_STRIP = YES;
			};
			isa = PBXBuildStyle;
			name = Deployment;
		};
//4F0
//4F1
//4F2
//4F3
//4F4
//F50
//F51
//F52
//F53
//F54
		F554C4A4021DCFC901A80101 = {
			children = (
				F554C4A5021DCFC901A80101,
			);
			isa = PBXGroup;
			path = include;
			refType = 4;
		};
		F554C4A5021DCFC901A80101 = {
			isa = PBXFileReference;
			path = nl.h;
			refType = 4;
		};
		F554C4A6021DCFC901A80101 = {
			fileRef = F554C4A5021DCFC901A80101;
			isa = PBXBuildFile;
			settings = {
				ATTRIBUTES = (
					Public,
				);
			};
		};
		F554C4A7021DD00C01A80101 = {
			buildActionMask = 2147483647;
			files = (
			);
			generatedFileNames = (
			);
			isa = PBXShellScriptBuildPhase;
			neededFileNames = (
			);
			shellPath = /bin/sh;
			shellScript = "# make frameworks directory if it doesn't already exist\nmkdir -p ~/Library/Frameworks\n# delete the old framework\nrm -rf ~/Library/Frameworks/HawkNL.framework\n# copy framework to its home\n/Developer/Tools/CpMac -r $SYMROOT/HawkNL.framework ~/Library/Frameworks/HawkNL.framework\n# precompile header for speedier compiles\n/usr/bin/cc -precomp ~/Library/Frameworks/HawkNL.framework/Headers/nl.h -o ~/Library/Frameworks/HawkNL.framework/Headers/nl.p";
		};
		F5A3E15402A93C3B01AD4D1F = {
			children = (
				F5A3E15502A93C3B01AD4D1F,
				F5A3E15602A93C3B01AD4D1F,
				F5A3E15702A93C3B01AD4D1F,
				F5A3E15802A93C3B01AD4D1F,
				F5A3E15902A93C3B01AD4D1F,
				F5A3E15A02A93C3B01AD4D1F,
				F5A3E15B02A93C3B01AD4D1F,
				F5A3E15C02A93C3B01AD4D1F,
				F5A3E15D02A93C3B01AD4D1F,
				F5A3E15E02A93C3B01AD4D1F,
				F5A3E15F02A93C3B01AD4D1F,
				F5A3E16002A93C3B01AD4D1F,
				F5A3E16102A93C3B01AD4D1F,
				F5A3E16202A93C3B01AD4D1F,
				F5A3E16302A93C3B01AD4D1F,
				F5A3E16402A93C3B01AD4D1F,
				F5A3E16502A93C3B01AD4D1F,
				F5A3E16602A93C3B01AD4D1F,
				F5A3E16702A93C3B01AD4D1F,
				F5A3E16802A93C3B01AD4D1F,
				F5A3E16902A93C3B01AD4D1F,
				F5A3E16A02A93C3B01AD4D1F,
				F5A3E16B02A93C3B01AD4D1F,
				F5A3E16C02A93C3B01AD4D1F,
				F5A3E16D02A93C3B01AD4D1F,
				F5A3E16E02A93C3B01AD4D1F,
				F5A3E16F02A93C3B01AD4D1F,
				F5A3E17602A93C3B01AD4D1F,
			);
			isa = PBXGroup;
			path = src;
			refType = 4;
		};
		F5A3E15502A93C3B01AD4D1F = {
			isa = PBXFileReference;
			path = condition.c;
			refType = 4;
		};
		F5A3E15602A93C3B01AD4D1F = {
			isa = PBXFileReference;
			path = crc.c;
			refType = 4;
		};
		F5A3E15702A93C3B01AD4D1F = {
			isa = PBXFileReference;
			path = err.c;
			refType = 4;
		};
		F5A3E15802A93C3B01AD4D1F = {
			isa = PBXFileReference;
			path = errorstr.c;
			refType = 4;
		};
		F5A3E15902A93C3B01AD4D1F = {
			isa = PBXFileReference;
			path = group.c;
			refType = 4;
		};
		F5A3E15A02A93C3B01AD4D1F = {
			isa = PBXFileReference;
			path = gusiconfig.cp;
			refType = 4;
		};
		F5A3E15B02A93C3B01AD4D1F = {
			isa = PBXFileReference;
			path = hawknl.def;
			refType = 4;
		};
		F5A3E15C02A93C3B01AD4D1F = {
			isa = PBXFileReference;
			path = hawknl.exp;
			refType = 4;
		};
		F5A3E15D02A93C3B01AD4D1F = {
			isa = PBXFileReference;
			path = ipx.c;
			refType = 4;
		};
		F5A3E15E02A93C3B01AD4D1F = {
			isa = PBXFileReference;
			path = ipx.h;
			refType = 4;
		};
		F5A3E15F02A93C3B01AD4D1F = {
			isa = PBXFileReference;
			path = loopback.c;
			refType = 4;
		};
		F5A3E16002A93C3B01AD4D1F = {
			isa = PBXFileReference;
			path = loopback.h;
			refType = 4;
		};
		F5A3E16102A93C3B01AD4D1F = {
			isa = PBXFileReference;
			path = makefile.linux;
			refType = 4;
		};
		F5A3E16202A93C3B01AD4D1F = {
			isa = PBXFileReference;
			path = makefile.mingw;
			refType = 4;
		};
		F5A3E16302A93C3B01AD4D1F = {
			isa = PBXFileReference;
			path = makefile.osx;
			refType = 4;
		};
		F5A3E16402A93C3B01AD4D1F = {
			isa = PBXFileReference;
			path = makefile.solaris;
			refType = 4;
		};
		F5A3E16502A93C3B01AD4D1F = {
			isa = PBXFileReference;
			path = mutex.c;
			refType = 4;
		};
		F5A3E16602A93C3B01AD4D1F = {
			isa = PBXFileReference;
			path = nl.c;
			refType = 4;
		};
		F5A3E16702A93C3B01AD4D1F = {
			isa = PBXFileReference;
			path = nlchanges.txt;
			refType = 4;
		};
		F5A3E16802A93C3B01AD4D1F = {
			isa = PBXFileReference;
			path = nlinternal.h;
			refType = 4;
		};
		F5A3E16902A93C3B01AD4D1F = {
			isa = PBXFileReference;
			path = nltime.c;
			refType = 4;
		};
		F5A3E16A02A93C3B01AD4D1F = {
			isa = PBXFileReference;
			path = parallel.h;
			refType = 4;
		};
		F5A3E16B02A93C3B01AD4D1F = {
			isa = PBXFileReference;
			path = readme.txt;
			refType = 4;
		};
		F5A3E16C02A93C3B01AD4D1F = {
			isa = PBXFileReference;
			path = serial.h;
			refType = 4;
		};
		F5A3E16D02A93C3B01AD4D1F = {
			isa = PBXFileReference;
			path = sock.c;
			refType = 4;
		};
		F5A3E16E02A93C3B01AD4D1F = {
			isa = PBXFileReference;
			path = sock.h;
			refType = 4;
		};
		F5A3E16F02A93C3B01AD4D1F = {
			isa = PBXFileReference;
			path = thread.c;
			refType = 4;
		};
		F5A3E17602A93C3B01AD4D1F = {
			isa = PBXFileReference;
			path = wsock.h;
			refType = 4;
		};
		F5A3E17702A93C3B01AD4D1F = {
			fileRef = F5A3E15502A93C3B01AD4D1F;
			isa = PBXBuildFile;
			settings = {
			};
		};
		F5A3E17802A93C3B01AD4D1F = {
			fileRef = F5A3E15602A93C3B01AD4D1F;
			isa = PBXBuildFile;
			settings = {
			};
		};
		F5A3E17902A93C3B01AD4D1F = {
			fileRef = F5A3E15702A93C3B01AD4D1F;
			isa = PBXBuildFile;
			settings = {
			};
		};
		F5A3E17A02A93C3B01AD4D1F = {
			fileRef = F5A3E15802A93C3B01AD4D1F;
			isa = PBXBuildFile;
			settings = {
			};
		};
		F5A3E17B02A93C3B01AD4D1F = {
			fileRef = F5A3E15902A93C3B01AD4D1F;
			isa = PBXBuildFile;
			settings = {
			};
		};
		F5A3E18102A93C3B01AD4D1F = {
			fileRef = F5A3E15F02A93C3B01AD4D1F;
			isa = PBXBuildFile;
			settings = {
			};
		};
		F5A3E18202A93C3B01AD4D1F = {
			fileRef = F5A3E16002A93C3B01AD4D1F;
			isa = PBXBuildFile;
			settings = {
			};
		};
		F5A3E18702A93C3B01AD4D1F = {
			fileRef = F5A3E16502A93C3B01AD4D1F;
			isa = PBXBuildFile;
			settings = {
			};
		};
		F5A3E18802A93C3B01AD4D1F = {
			fileRef = F5A3E16602A93C3B01AD4D1F;
			isa = PBXBuildFile;
			settings = {
			};
		};
		F5A3E18A02A93C3B01AD4D1F = {
			fileRef = F5A3E16802A93C3B01AD4D1F;
			isa = PBXBuildFile;
			settings = {
			};
		};
		F5A3E18B02A93C3B01AD4D1F = {
			fileRef = F5A3E16902A93C3B01AD4D1F;
			isa = PBXBuildFile;
			settings = {
			};
		};
		F5A3E18C02A93C3B01AD4D1F = {
			fileRef = F5A3E16A02A93C3B01AD4D1F;
			isa = PBXBuildFile;
			settings = {
			};
		};
		F5A3E18F02A93C3B01AD4D1F = {
			fileRef = F5A3E16D02A93C3B01AD4D1F;
			isa = PBXBuildFile;
			settings = {
			};
		};
		F5A3E19002A93C3B01AD4D1F = {
			fileRef = F5A3E16E02A93C3B01AD4D1F;
			isa = PBXBuildFile;
			settings = {
			};
		};
		F5A3E19102A93C3B01AD4D1F = {
			fileRef = F5A3E16F02A93C3B01AD4D1F;
			isa = PBXBuildFile;
			settings = {
			};
		};
	};
	rootObject = 0867D690FE84028FC02AAC07;
}
